
Microsoft Visual Studio Solution File, Format Version 12.00
# Visual Studio Version 17
VisualStudioVersion = 17.14.37027.9 d17.14
MinimumVisualStudioVersion = 10.0.40219.1
Project("{FAE04EC0-301F-11D3-BF4B-00C04F79EFBC}") = "FeelmwLogistika", "FeelmwLogistika.csproj", "{DB5A7943-9ED1-4148-9C7C-105CCCC59A3C}"
EndProject
Global
	GlobalSection(SolutionConfigurationPlatforms) = preSolution
		Debug|Any CPU = Debug|Any CPU
		Release|Any CPU = Release|Any CPU
	EndGlobalSection
	GlobalSection(ProjectConfigurationPlatforms) = postSolution
		{DB5A7943-9ED1-4148-9C7C-105CCCC59A3C}.Debug|Any CPU.ActiveCfg = Debug|Any CPU
		{DB5A7943-9ED1-4148-9C7C-105CCCC59A3C}.Debug|Any CPU.Build.0 = Debug|Any CPU
		{DB5A7943-9ED1-4148-9C7C-105CCCC59A3C}.Release|Any CPU.ActiveCfg = Release|Any CPU
		{DB5A7943-9ED1-4148-9C7C-105CCCC59A3C}.Release|Any CPU.Build.0 = Release|Any CPU
	EndGlobalSection
	GlobalSection(SolutionProperties) = preSolution
		HideSolutionNode = FALSE
	EndGlobalSection
	GlobalSection(ExtensibilityGlobals) = postSolution
		SolutionGuid = {5B645574-AE72-48B9-A339-9D9F88D11D19}
	EndGlobalSection
EndGlobal
